
Microsoft Visual Studio Solution File, Format Version 12.00
# Visual Studio Version 16
VisualStudioVersion = 16.0.28902.138
MinimumVisualStudioVersion = 10.0.40219.1
Project("{FAE04EC0-301F-11D3-BF4B-00C04F79EFBC}") = "AnimalAi", "AnimalAi\AnimalAi.csproj", "{3AB81297-280E-44C4-BEBB-638F5877A64B}"
EndProject
Project("{FAE04EC0-301F-11D3-BF4B-00C04F79EFBC}") = "AnimalAiUnitTests", "AnimalAiUnitTests\AnimalAiUnitTests.csproj", "{DF4F52C0-039B-424A-9C84-CF0BB91F61FA}"
EndProject
Global
	GlobalSection(SolutionConfigurationPlatforms) = preSolution
		Debug|Any CPU = Debug|Any CPU
		Release|Any CPU = Release|Any CPU
	EndGlobalSection
	GlobalSection(ProjectConfigurationPlatforms) = postSolution
		{3AB81297-280E-44C4-BEBB-638F5877A64B}.Debug|Any CPU.ActiveCfg = Debug|Any CPU
		{3AB81297-280E-44C4-BEBB-638F5877A64B}.Debug|Any CPU.Build.0 = Debug|Any CPU
		{3AB81297-280E-44C4-BEBB-638F5877A64B}.Release|Any CPU.ActiveCfg = Release|Any CPU
		{3AB81297-280E-44C4-BEBB-638F5877A64B}.Release|Any CPU.Build.0 = Release|Any CPU
		{DF4F52C0-039B-424A-9C84-CF0BB91F61FA}.Debug|Any CPU.ActiveCfg = Debug|Any CPU
		{DF4F52C0-039B-424A-9C84-CF0BB91F61FA}.Debug|Any CPU.Build.0 = Debug|Any CPU
		{DF4F52C0-039B-424A-9C84-CF0BB91F61FA}.Release|Any CPU.ActiveCfg = Release|Any CPU
		{DF4F52C0-039B-424A-9C84-CF0BB91F61FA}.Release|Any CPU.Build.0 = Release|Any CPU
	EndGlobalSection
	GlobalSection(SolutionProperties) = preSolution
		HideSolutionNode = FALSE
	EndGlobalSection
	GlobalSection(ExtensibilityGlobals) = postSolution
		SolutionGuid = {4B7B9FDE-38BB-460B-AF0E-653C52213C0D}
	EndGlobalSection
EndGlobal
